
Microsoft Visual Studio Solution File, Format Version 9.00
# Visual Studio 2005
Project("{8BC9CEB8-8B4A-11D0-8D11-00A0C91BC942}") = "vc-cx12-a01", "vc-cx12-a01\vc-cx12-a01.vcproj", "{4376CA99-D60C-4C4C-AF84-E8E363E04B8B}"
EndProject
Global
	GlobalSection(SolutionConfigurationPlatforms) = preSolution
		Debug|Win32 = Debug|Win32
		Release|Win32 = Release|Win32
	EndGlobalSection
	GlobalSection(ProjectConfigurationPlatforms) = postSolution
		{4376CA99-D60C-4C4C-AF84-E8E363E04B8B}.Debug|Win32.ActiveCfg = Debug|Win32
		{4376CA99-D60C-4C4C-AF84-E8E363E04B8B}.Debug|Win32.Build.0 = Debug|Win32
		{4376CA99-D60C-4C4C-AF84-E8E363E04B8B}.Release|Win32.ActiveCfg = Release|Win32
		{4376CA99-D60C-4C4C-AF84-E8E363E04B8B}.Release|Win32.Build.0 = Release|Win32
	EndGlobalSection
	GlobalSection(SolutionProperties) = preSolution
		HideSolutionNode = FALSE
	EndGlobalSection
EndGlobal
