
Microsoft Visual Studio Solution File, Format Version 9.00
# Visual Studio 2005
Project("{8BC9CEB8-8B4A-11D0-8D11-00A0C91BC942}") = "win32_ex01", "win32_ex01\win32_ex01.vcproj", "{7889D45D-98E4-4B4C-9BF6-404C6830D26A}"
EndProject
Global
	GlobalSection(SolutionConfigurationPlatforms) = preSolution
		Debug|Win32 = Debug|Win32
		Release|Win32 = Release|Win32
	EndGlobalSection
	GlobalSection(ProjectConfigurationPlatforms) = postSolution
		{7889D45D-98E4-4B4C-9BF6-404C6830D26A}.Debug|Win32.ActiveCfg = Debug|Win32
		{7889D45D-98E4-4B4C-9BF6-404C6830D26A}.Debug|Win32.Build.0 = Debug|Win32
		{7889D45D-98E4-4B4C-9BF6-404C6830D26A}.Release|Win32.ActiveCfg = Release|Win32
		{7889D45D-98E4-4B4C-9BF6-404C6830D26A}.Release|Win32.Build.0 = Release|Win32
	EndGlobalSection
	GlobalSection(SolutionProperties) = preSolution
		HideSolutionNode = FALSE
	EndGlobalSection
EndGlobal
